
Microsoft Visual Studio Solution File, Format Version 12.00
# Visual Studio 15
VisualStudioVersion = 15.0.27130.2027
MinimumVisualStudioVersion = 10.0.40219.1
Project("{8BC9CEB8-8B4A-11D0-8D11-00A0C91BC942}") = "framework", "framework\framework.vcxproj", "{D9B732E5-C6FC-4DBB-8CF9-6E880C260844}"
EndProject
Project("{8BC9CEB8-8B4A-11D0-8D11-00A0C91BC942}") = "sobel", "sobel\sobel.vcxproj", "{C473C628-428F-4628-9E92-32D94668A4FD}"
	ProjectSection(ProjectDependencies) = postProject
		{8D9D4A3E-439A-4210-8879-259B20D992CA} = {8D9D4A3E-439A-4210-8879-259B20D992CA}
		{D9B732E5-C6FC-4DBB-8CF9-6E880C260844} = {D9B732E5-C6FC-4DBB-8CF9-6E880C260844}
	EndProjectSection
EndProject
Project("{8BC9CEB8-8B4A-11D0-8D11-00A0C91BC942}") = "magma", "magma\projects\vs\magma.vcxproj", "{8D9D4A3E-439A-4210-8879-259B20D992CA}"
EndProject
Global
	GlobalSection(SolutionConfigurationPlatforms) = preSolution
		Debug|x64 = Debug|x64
		Debug|x86 = Debug|x86
		Release|x64 = Release|x64
		Release|x86 = Release|x86
	EndGlobalSection
	GlobalSection(ProjectConfigurationPlatforms) = postSolution
		{D9B732E5-C6FC-4DBB-8CF9-6E880C260844}.Debug|x64.ActiveCfg = Debug|x64
		{D9B732E5-C6FC-4DBB-8CF9-6E880C260844}.Debug|x64.Build.0 = Debug|x64
		{D9B732E5-C6FC-4DBB-8CF9-6E880C260844}.Debug|x86.ActiveCfg = Debug|Win32
		{D9B732E5-C6FC-4DBB-8CF9-6E880C260844}.Debug|x86.Build.0 = Debug|Win32
		{D9B732E5-C6FC-4DBB-8CF9-6E880C260844}.Release|x64.ActiveCfg = Release|x64
		{D9B732E5-C6FC-4DBB-8CF9-6E880C260844}.Release|x64.Build.0 = Release|x64
		{D9B732E5-C6FC-4DBB-8CF9-6E880C260844}.Release|x86.ActiveCfg = Release|Win32
		{D9B732E5-C6FC-4DBB-8CF9-6E880C260844}.Release|x86.Build.0 = Release|Win32
		{C473C628-428F-4628-9E92-32D94668A4FD}.Debug|x64.ActiveCfg = Debug|x64
		{C473C628-428F-4628-9E92-32D94668A4FD}.Debug|x64.Build.0 = Debug|x64
		{C473C628-428F-4628-9E92-32D94668A4FD}.Debug|x86.ActiveCfg = Debug|Win32
		{C473C628-428F-4628-9E92-32D94668A4FD}.Debug|x86.Build.0 = Debug|Win32
		{C473C628-428F-4628-9E92-32D94668A4FD}.Release|x64.ActiveCfg = Release|x64
		{C473C628-428F-4628-9E92-32D94668A4FD}.Release|x64.Build.0 = Release|x64
		{C473C628-428F-4628-9E92-32D94668A4FD}.Release|x86.ActiveCfg = Release|Win32
		{C473C628-428F-4628-9E92-32D94668A4FD}.Release|x86.Build.0 = Release|Win32
		{8D9D4A3E-439A-4210-8879-259B20D992CA}.Debug|x64.ActiveCfg = Debug|x64
		{8D9D4A3E-439A-4210-8879-259B20D992CA}.Debug|x64.Build.0 = Debug|x64
		{8D9D4A3E-439A-4210-8879-259B20D992CA}.Debug|x86.ActiveCfg = Debug|Win32
		{8D9D4A3E-439A-4210-8879-259B20D992CA}.Debug|x86.Build.0 = Debug|Win32
		{8D9D4A3E-439A-4210-8879-259B20D992CA}.Release|x64.ActiveCfg = Release|x64
		{8D9D4A3E-439A-4210-8879-259B20D992CA}.Release|x64.Build.0 = Release|x64
		{8D9D4A3E-439A-4210-8879-259B20D992CA}.Release|x86.ActiveCfg = Release|Win32
		{8D9D4A3E-439A-4210-8879-259B20D992CA}.Release|x86.Build.0 = Release|Win32
	EndGlobalSection
	GlobalSection(SolutionProperties) = preSolution
		HideSolutionNode = FALSE
	EndGlobalSection
	GlobalSection(ExtensibilityGlobals) = postSolution
		SolutionGuid = {39134061-5EF6-4AAA-A193-D100044C747A}
	EndGlobalSection
EndGlobal
